
Microsoft Visual Studio Solution File, Format Version 12.00
# Visual Studio Version 17
VisualStudioVersion = 17.4.32804.182
MinimumVisualStudioVersion = 10.0.40219.1
Project("{2150E333-8FDC-42A3-9474-1A3956D46DE8}") = "src", "src", "{77BAE66A-1748-4795-ACE5-3F1CB184114E}"
EndProject
Project("{2150E333-8FDC-42A3-9474-1A3956D46DE8}") = "1 - Consumers", "1 - Consumers", "{EBFE4B89-3D74-4EF3-A081-66E8EC4289AA}"
EndProject
Project("{2150E333-8FDC-42A3-9474-1A3956D46DE8}") = "3 - Microservices", "3 - Microservices", "{36E33968-806C-4E91-BA54-CEAE8C066E86}"
EndProject
Project("{2150E333-8FDC-42A3-9474-1A3956D46DE8}") = "2 - Gateway", "2 - Gateway", "{F2169DB3-0D7B-4DDF-8497-92511CB34FAD}"
EndProject
Project("{2150E333-8FDC-42A3-9474-1A3956D46DE8}") = "4 - Shared", "4 - Shared", "{F0349FE8-253B-4230-B8D3-26AACF71B32A}"
EndProject
Project("{2150E333-8FDC-42A3-9474-1A3956D46DE8}") = "1.1 - Desktop", "1.1 - Desktop", "{61D49D38-AA4E-4D6C-8AE3-CF824F48C89D}"
EndProject
Project("{2150E333-8FDC-42A3-9474-1A3956D46DE8}") = "1.1.1 - Presentation", "1.1.1 - Presentation", "{C13F8D9A-F408-4156-A93E-2B909B7E3790}"
EndProject
Project("{2150E333-8FDC-42A3-9474-1A3956D46DE8}") = "1.1.2 - Application", "1.1.2 - Application", "{ABED775E-366E-41E5-86AE-180DE2D6C7DD}"
EndProject
Project("{2150E333-8FDC-42A3-9474-1A3956D46DE8}") = "1.1.3 - Domain", "1.1.3 - Domain", "{306B48B0-D4AA-444D-8501-BEA3A5BE7CF1}"
EndProject
Project("{2150E333-8FDC-42A3-9474-1A3956D46DE8}") = "1.1.4 - Infra", "1.1.4 - Infra", "{69013FEF-2F41-4502-8097-745358F9137B}"
EndProject
Project("{FAE04EC0-301F-11D3-BF4B-00C04F79EFBC}") = "JwtExample.Consumers.Desktop.Presentation", "JwtExample.Consumers.Desktop.Presentation\JwtExample.Consumers.Desktop.Presentation.csproj", "{0ACE2BE8-4CAE-49C3-A1DE-4A42E18326BA}"
EndProject
Project("{FAE04EC0-301F-11D3-BF4B-00C04F79EFBC}") = "JwtExample.Consumers.Desktop.Application", "JwtExample.Consumers.Desktop.Application\JwtExample.Consumers.Desktop.Application.csproj", "{4ED8D428-321B-44A7-8549-07981E76C726}"
EndProject
Project("{FAE04EC0-301F-11D3-BF4B-00C04F79EFBC}") = "JwtExample.Consumers.Desktop.Domain", "JwtExample.Consumers.Desktop.Domain\JwtExample.Consumers.Desktop.Domain.csproj", "{89B8D2CD-2DF0-4770-ADA7-E5184F422235}"
EndProject
Project("{FAE04EC0-301F-11D3-BF4B-00C04F79EFBC}") = "JwtExample.Consumers.Desktop.Domain.Core", "JwtExample.Consumers.Desktop.Domain.Core\JwtExample.Consumers.Desktop.Domain.Core.csproj", "{DB9824E3-C74C-459E-B574-AEE7D8B98140}"
EndProject
Project("{FAE04EC0-301F-11D3-BF4B-00C04F79EFBC}") = "JwtExample.Consumers.Desktop.Infra", "JwtExample.Consumers.Desktop.Infra\JwtExample.Consumers.Desktop.Infra.csproj", "{4650D657-E0B8-4935-9FB2-1C536972DE25}"
EndProject
Project("{2150E333-8FDC-42A3-9474-1A3956D46DE8}") = "3.1 - UserService", "3.1 - UserService", "{609CC7A9-3149-4B02-BB39-7A776B3DEE75}"
EndProject
Project("{2150E333-8FDC-42A3-9474-1A3956D46DE8}") = "3.2 - ProductService", "3.2 - ProductService", "{E7385CDD-163A-49AE-97A9-ABB0925FC60D}"
EndProject
Project("{2150E333-8FDC-42A3-9474-1A3956D46DE8}") = "3.3 - AuthService", "3.3 - AuthService", "{8D2F11E5-D686-48B4-8E73-82D5E11206B8}"
EndProject
Project("{2150E333-8FDC-42A3-9474-1A3956D46DE8}") = "2.1 - Desktop", "2.1 - Desktop", "{77313657-5C0A-479A-B490-FA11450C07C4}"
EndProject
Project("{2150E333-8FDC-42A3-9474-1A3956D46DE8}") = "3.1.1 - Presentation", "3.1.1 - Presentation", "{A4B3E736-52E5-4DD9-AB78-62CF33D2009A}"
EndProject
Project("{FAE04EC0-301F-11D3-BF4B-00C04F79EFBC}") = "JwtExample.Microservices.UserService.Presentation", "JwtExample.Microservices.UserService.Presentation\JwtExample.Microservices.UserService.Presentation.csproj", "{05CC69ED-CBC1-4A7E-8B1B-9574D26FAFF3}"
EndProject
Project("{2150E333-8FDC-42A3-9474-1A3956D46DE8}") = "3.1.2 - Application", "3.1.2 - Application", "{8825751F-82BF-4D45-A142-75A3755BC27C}"
EndProject
Project("{FAE04EC0-301F-11D3-BF4B-00C04F79EFBC}") = "JwtExample.Microservices.UserService.Application", "JwtExample.Microservices.UserService.Application\JwtExample.Microservices.UserService.Application.csproj", "{42F37A97-326D-40F7-A663-5E33D2058D38}"
EndProject
Project("{2150E333-8FDC-42A3-9474-1A3956D46DE8}") = "3.1.3 - Domain", "3.1.3 - Domain", "{EE25E74F-F3D7-47FB-B109-0FDB6C98F43B}"
EndProject
Project("{FAE04EC0-301F-11D3-BF4B-00C04F79EFBC}") = "JwtExample.Microservices.UserService.Domain", "JwtExample.Microservices.UserService.Domain\JwtExample.Microservices.UserService.Domain.csproj", "{1A6EB698-CF0B-43F1-9D5E-1DE30A673179}"
EndProject
Project("{FAE04EC0-301F-11D3-BF4B-00C04F79EFBC}") = "JwtExample.Microservices.UserService.Domain.Core", "JwtExample.Microservices.UserService.Domain.Core\JwtExample.Microservices.UserService.Domain.Core.csproj", "{C51569B5-FD6A-4168-82F1-7D99678AF698}"
EndProject
Project("{2150E333-8FDC-42A3-9474-1A3956D46DE8}") = "3.1.4 - Persistence", "3.1.4 - Persistence", "{D2835DB8-731C-454D-9572-8F7E97D5AFAD}"
EndProject
Project("{FAE04EC0-301F-11D3-BF4B-00C04F79EFBC}") = "JwtExample.Microservices.UserService.Persistence", "JwtExample.Microservices.UserService.Persistence\JwtExample.Microservices.UserService.Persistence.csproj", "{07B63D6E-191B-4D39-BF2B-2CABE79BB8EF}"
EndProject
Project("{2150E333-8FDC-42A3-9474-1A3956D46DE8}") = "3.1.5 - Infra", "3.1.5 - Infra", "{56B6D38B-D28C-4D9E-8A89-200FE70308F8}"
EndProject
Project("{FAE04EC0-301F-11D3-BF4B-00C04F79EFBC}") = "JwtExample.Microservices.UserService.Infra", "JwtExample.Microservices.UserService.Infra\JwtExample.Microservices.UserService.Infra.csproj", "{CB773694-9923-4E6D-B02B-76E9C377EDF3}"
EndProject
Project("{2150E333-8FDC-42A3-9474-1A3956D46DE8}") = "3.2.1 - Presentation", "3.2.1 - Presentation", "{A5FD2D9A-195E-4A0A-AFC2-5376EAD2DE76}"
EndProject
Project("{FAE04EC0-301F-11D3-BF4B-00C04F79EFBC}") = "JwtExample.Microservices.ProductService.Presentation", "JwtExample.Microservices.ProductService.Presentation\JwtExample.Microservices.ProductService.Presentation.csproj", "{87181326-6CD7-41D7-B4A4-6C29781444C1}"
EndProject
Project("{2150E333-8FDC-42A3-9474-1A3956D46DE8}") = "3.2.2 - Application", "3.2.2 - Application", "{DFFEADFA-9ECB-4F41-A354-DBF66ADDA85F}"
EndProject
Project("{FAE04EC0-301F-11D3-BF4B-00C04F79EFBC}") = "JwtExample.Microservices.ProductService.Application", "JwtExample.Microservices.ProductService.Application\JwtExample.Microservices.ProductService.Application.csproj", "{00962F97-9602-489B-B422-3126460244BA}"
EndProject
Project("{2150E333-8FDC-42A3-9474-1A3956D46DE8}") = "3.2.3 - Domain", "3.2.3 - Domain", "{65D176DE-0CCD-45BD-AC18-247BDE033360}"
EndProject
Project("{FAE04EC0-301F-11D3-BF4B-00C04F79EFBC}") = "JwtExample.Microservices.ProductService.Domain", "JwtExample.Microservices.ProductService.Domain\JwtExample.Microservices.ProductService.Domain.csproj", "{7B413BF6-264F-4FDE-98D6-ED6A6435DD2A}"
EndProject
Project("{FAE04EC0-301F-11D3-BF4B-00C04F79EFBC}") = "JwtExample.Microservices.ProductService.Domain.Core", "JwtExample.Microservices.ProductService.Domain.Core\JwtExample.Microservices.ProductService.Domain.Core.csproj", "{C6CB256F-2DA6-4900-9C5B-3770A8D7B3EE}"
EndProject
Project("{2150E333-8FDC-42A3-9474-1A3956D46DE8}") = "3.2.4 - Persistence", "3.2.4 - Persistence", "{AB93A616-E92C-439E-9FDF-64D838E8D036}"
EndProject
Project("{FAE04EC0-301F-11D3-BF4B-00C04F79EFBC}") = "JwtExample.Microservices.ProductService.Persistence", "JwtExample.Microservices.ProductService.Persistence\JwtExample.Microservices.ProductService.Persistence.csproj", "{0E52E960-BC69-40B0-9225-1FD69706467F}"
EndProject
Project("{2150E333-8FDC-42A3-9474-1A3956D46DE8}") = "3.2.5 - Infra", "3.2.5 - Infra", "{0BA4CB5E-0CE8-47E2-AF42-4A3A89F6FB14}"
EndProject
Project("{FAE04EC0-301F-11D3-BF4B-00C04F79EFBC}") = "JwtExample.Microservices.ProductService.Infra", "JwtExample.Microservices.ProductService.Infra\JwtExample.Microservices.ProductService.Infra.csproj", "{D7188E04-C8CF-4C91-A52B-7D1C73F81AFA}"
EndProject
Project("{2150E333-8FDC-42A3-9474-1A3956D46DE8}") = "3.3.1 - Presentation", "3.3.1 - Presentation", "{867D00B9-16AC-465C-8300-22B459CFA985}"
EndProject
Project("{FAE04EC0-301F-11D3-BF4B-00C04F79EFBC}") = "JwtExample.Microservices.AuthService.Presentation", "JwtExample.Microservices.AuthService.Presentation\JwtExample.Microservices.AuthService.Presentation.csproj", "{AE42DEA9-6694-43CF-8D55-F28AAFBACC41}"
EndProject
Project("{2150E333-8FDC-42A3-9474-1A3956D46DE8}") = "3.3.2 - Application", "3.3.2 - Application", "{5FBE7C6F-5FAF-44EE-8559-968CFC9C5816}"
EndProject
Project("{FAE04EC0-301F-11D3-BF4B-00C04F79EFBC}") = "JwtExample.Microservices.AuthService.Application", "JwtExample.Microservices.AuthService.Application\JwtExample.Microservices.AuthService.Application.csproj", "{697131DB-1B1D-49F2-B516-3758649149EB}"
EndProject
Project("{2150E333-8FDC-42A3-9474-1A3956D46DE8}") = "3.3.3 - Domain", "3.3.3 - Domain", "{311BFED9-99A7-48F1-8E63-4E1D3D74E378}"
EndProject
Project("{FAE04EC0-301F-11D3-BF4B-00C04F79EFBC}") = "JwtExample.Microservices.AuthService.Domain", "JwtExample.Microservices.AuthService.Domain\JwtExample.Microservices.AuthService.Domain.csproj", "{B839F48F-32BC-4990-B402-38FF116F8501}"
EndProject
Project("{FAE04EC0-301F-11D3-BF4B-00C04F79EFBC}") = "JwtExample.Microservices.AuthService.Domain.Core", "JwtExample.Microservices.AuthService.Domain.Core\JwtExample.Microservices.AuthService.Domain.Core.csproj", "{7C948028-67A4-4373-AD36-9EEDEE96F882}"
EndProject
Project("{2150E333-8FDC-42A3-9474-1A3956D46DE8}") = "3.3.4 - Infra", "3.3.4 - Infra", "{A661D76F-3916-4E75-87D7-D4056B97391A}"
EndProject
Project("{FAE04EC0-301F-11D3-BF4B-00C04F79EFBC}") = "JwtExample.Microservices.AuthService.Infra", "JwtExample.Microservices.AuthService.Infra\JwtExample.Microservices.AuthService.Infra.csproj", "{729EA931-204F-4AB4-BD18-5C5C79B556A4}"
EndProject
Project("{2150E333-8FDC-42A3-9474-1A3956D46DE8}") = "4.1 - Persistence", "4.1 - Persistence", "{E3365F01-9BB3-464C-9707-CCD77C6701CE}"
EndProject
Project("{FAE04EC0-301F-11D3-BF4B-00C04F79EFBC}") = "JwtExample.Shared.Persistence", "JwtExample.Shared.Persistence\JwtExample.Shared.Persistence.csproj", "{F8CACE7A-856B-4F27-B576-3ADC765D54FC}"
EndProject
Project("{2150E333-8FDC-42A3-9474-1A3956D46DE8}") = "4.2 - Domain", "4.2 - Domain", "{29047F97-DEC5-42DB-92DD-DD0C3A5D13A1}"
EndProject
Project("{FAE04EC0-301F-11D3-BF4B-00C04F79EFBC}") = "JwtExample.Shared.Domain", "JwtExample.Shared.Domain\JwtExample.Shared.Domain.csproj", "{4B93EDDF-9F31-4693-93A6-BF5246CC2EF3}"
EndProject
Project("{FAE04EC0-301F-11D3-BF4B-00C04F79EFBC}") = "JwtExample.Gateway.Desktop", "JwtExample.Gateway.Desktop\JwtExample.Gateway.Desktop.csproj", "{4B67B895-DF7E-40BB-A3EE-5650941E5491}"
EndProject
Global
	GlobalSection(SolutionConfigurationPlatforms) = preSolution
		Debug|Any CPU = Debug|Any CPU
		Release|Any CPU = Release|Any CPU
	EndGlobalSection
	GlobalSection(ProjectConfigurationPlatforms) = postSolution
		{0ACE2BE8-4CAE-49C3-A1DE-4A42E18326BA}.Debug|Any CPU.ActiveCfg = Debug|Any CPU
		{0ACE2BE8-4CAE-49C3-A1DE-4A42E18326BA}.Debug|Any CPU.Build.0 = Debug|Any CPU
		{0ACE2BE8-4CAE-49C3-A1DE-4A42E18326BA}.Release|Any CPU.ActiveCfg = Release|Any CPU
		{0ACE2BE8-4CAE-49C3-A1DE-4A42E18326BA}.Release|Any CPU.Build.0 = Release|Any CPU
		{4ED8D428-321B-44A7-8549-07981E76C726}.Debug|Any CPU.ActiveCfg = Debug|Any CPU
		{4ED8D428-321B-44A7-8549-07981E76C726}.Debug|Any CPU.Build.0 = Debug|Any CPU
		{4ED8D428-321B-44A7-8549-07981E76C726}.Release|Any CPU.ActiveCfg = Release|Any CPU
		{4ED8D428-321B-44A7-8549-07981E76C726}.Release|Any CPU.Build.0 = Release|Any CPU
		{89B8D2CD-2DF0-4770-ADA7-E5184F422235}.Debug|Any CPU.ActiveCfg = Debug|Any CPU
		{89B8D2CD-2DF0-4770-ADA7-E5184F422235}.Debug|Any CPU.Build.0 = Debug|Any CPU
		{89B8D2CD-2DF0-4770-ADA7-E5184F422235}.Release|Any CPU.ActiveCfg = Release|Any CPU
		{89B8D2CD-2DF0-4770-ADA7-E5184F422235}.Release|Any CPU.Build.0 = Release|Any CPU
		{DB9824E3-C74C-459E-B574-AEE7D8B98140}.Debug|Any CPU.ActiveCfg = Debug|Any CPU
		{DB9824E3-C74C-459E-B574-AEE7D8B98140}.Debug|Any CPU.Build.0 = Debug|Any CPU
		{DB9824E3-C74C-459E-B574-AEE7D8B98140}.Release|Any CPU.ActiveCfg = Release|Any CPU
		{DB9824E3-C74C-459E-B574-AEE7D8B98140}.Release|Any CPU.Build.0 = Release|Any CPU
		{4650D657-E0B8-4935-9FB2-1C536972DE25}.Debug|Any CPU.ActiveCfg = Debug|Any CPU
		{4650D657-E0B8-4935-9FB2-1C536972DE25}.Debug|Any CPU.Build.0 = Debug|Any CPU
		{4650D657-E0B8-4935-9FB2-1C536972DE25}.Release|Any CPU.ActiveCfg = Release|Any CPU
		{4650D657-E0B8-4935-9FB2-1C536972DE25}.Release|Any CPU.Build.0 = Release|Any CPU
		{05CC69ED-CBC1-4A7E-8B1B-9574D26FAFF3}.Debug|Any CPU.ActiveCfg = Debug|Any CPU
		{05CC69ED-CBC1-4A7E-8B1B-9574D26FAFF3}.Debug|Any CPU.Build.0 = Debug|Any CPU
		{05CC69ED-CBC1-4A7E-8B1B-9574D26FAFF3}.Release|Any CPU.ActiveCfg = Release|Any CPU
		{05CC69ED-CBC1-4A7E-8B1B-9574D26FAFF3}.Release|Any CPU.Build.0 = Release|Any CPU
		{42F37A97-326D-40F7-A663-5E33D2058D38}.Debug|Any CPU.ActiveCfg = Debug|Any CPU
		{42F37A97-326D-40F7-A663-5E33D2058D38}.Debug|Any CPU.Build.0 = Debug|Any CPU
		{42F37A97-326D-40F7-A663-5E33D2058D38}.Release|Any CPU.ActiveCfg = Release|Any CPU
		{42F37A97-326D-40F7-A663-5E33D2058D38}.Release|Any CPU.Build.0 = Release|Any CPU
		{1A6EB698-CF0B-43F1-9D5E-1DE30A673179}.Debug|Any CPU.ActiveCfg = Debug|Any CPU
		{1A6EB698-CF0B-43F1-9D5E-1DE30A673179}.Debug|Any CPU.Build.0 = Debug|Any CPU
		{1A6EB698-CF0B-43F1-9D5E-1DE30A673179}.Release|Any CPU.ActiveCfg = Release|Any CPU
		{1A6EB698-CF0B-43F1-9D5E-1DE30A673179}.Release|Any CPU.Build.0 = Release|Any CPU
		{C51569B5-FD6A-4168-82F1-7D99678AF698}.Debug|Any CPU.ActiveCfg = Debug|Any CPU
		{C51569B5-FD6A-4168-82F1-7D99678AF698}.Debug|Any CPU.Build.0 = Debug|Any CPU
		{C51569B5-FD6A-4168-82F1-7D99678AF698}.Release|Any CPU.ActiveCfg = Release|Any CPU
		{C51569B5-FD6A-4168-82F1-7D99678AF698}.Release|Any CPU.Build.0 = Release|Any CPU
		{07B63D6E-191B-4D39-BF2B-2CABE79BB8EF}.Debug|Any CPU.ActiveCfg = Debug|Any CPU
		{07B63D6E-191B-4D39-BF2B-2CABE79BB8EF}.Debug|Any CPU.Build.0 = Debug|Any CPU
		{07B63D6E-191B-4D39-BF2B-2CABE79BB8EF}.Release|Any CPU.ActiveCfg = Release|Any CPU
		{07B63D6E-191B-4D39-BF2B-2CABE79BB8EF}.Release|Any CPU.Build.0 = Release|Any CPU
		{CB773694-9923-4E6D-B02B-76E9C377EDF3}.Debug|Any CPU.ActiveCfg = Debug|Any CPU
		{CB773694-9923-4E6D-B02B-76E9C377EDF3}.Debug|Any CPU.Build.0 = Debug|Any CPU
		{CB773694-9923-4E6D-B02B-76E9C377EDF3}.Release|Any CPU.ActiveCfg = Release|Any CPU
		{CB773694-9923-4E6D-B02B-76E9C377EDF3}.Release|Any CPU.Build.0 = Release|Any CPU
		{87181326-6CD7-41D7-B4A4-6C29781444C1}.Debug|Any CPU.ActiveCfg = Debug|Any CPU
		{87181326-6CD7-41D7-B4A4-6C29781444C1}.Debug|Any CPU.Build.0 = Debug|Any CPU
		{87181326-6CD7-41D7-B4A4-6C29781444C1}.Release|Any CPU.ActiveCfg = Release|Any CPU
		{87181326-6CD7-41D7-B4A4-6C29781444C1}.Release|Any CPU.Build.0 = Release|Any CPU
		{00962F97-9602-489B-B422-3126460244BA}.Debug|Any CPU.ActiveCfg = Debug|Any CPU
		{00962F97-9602-489B-B422-3126460244BA}.Debug|Any CPU.Build.0 = Debug|Any CPU
		{00962F97-9602-489B-B422-3126460244BA}.Release|Any CPU.ActiveCfg = Release|Any CPU
		{00962F97-9602-489B-B422-3126460244BA}.Release|Any CPU.Build.0 = Release|Any CPU
		{7B413BF6-264F-4FDE-98D6-ED6A6435DD2A}.Debug|Any CPU.ActiveCfg = Debug|Any CPU
		{7B413BF6-264F-4FDE-98D6-ED6A6435DD2A}.Debug|Any CPU.Build.0 = Debug|Any CPU
		{7B413BF6-264F-4FDE-98D6-ED6A6435DD2A}.Release|Any CPU.ActiveCfg = Release|Any CPU
		{7B413BF6-264F-4FDE-98D6-ED6A6435DD2A}.Release|Any CPU.Build.0 = Release|Any CPU
		{C6CB256F-2DA6-4900-9C5B-3770A8D7B3EE}.Debug|Any CPU.ActiveCfg = Debug|Any CPU
		{C6CB256F-2DA6-4900-9C5B-3770A8D7B3EE}.Debug|Any CPU.Build.0 = Debug|Any CPU
		{C6CB256F-2DA6-4900-9C5B-3770A8D7B3EE}.Release|Any CPU.ActiveCfg = Release|Any CPU
		{C6CB256F-2DA6-4900-9C5B-3770A8D7B3EE}.Release|Any CPU.Build.0 = Release|Any CPU
		{0E52E960-BC69-40B0-9225-1FD69706467F}.Debug|Any CPU.ActiveCfg = Debug|Any CPU
		{0E52E960-BC69-40B0-9225-1FD69706467F}.Debug|Any CPU.Build.0 = Debug|Any CPU
		{0E52E960-BC69-40B0-9225-1FD69706467F}.Release|Any CPU.ActiveCfg = Release|Any CPU
		{0E52E960-BC69-40B0-9225-1FD69706467F}.Release|Any CPU.Build.0 = Release|Any CPU
		{D7188E04-C8CF-4C91-A52B-7D1C73F81AFA}.Debug|Any CPU.ActiveCfg = Debug|Any CPU
		{D7188E04-C8CF-4C91-A52B-7D1C73F81AFA}.Debug|Any CPU.Build.0 = Debug|Any CPU
		{D7188E04-C8CF-4C91-A52B-7D1C73F81AFA}.Release|Any CPU.ActiveCfg = Release|Any CPU
		{D7188E04-C8CF-4C91-A52B-7D1C73F81AFA}.Release|Any CPU.Build.0 = Release|Any CPU
		{AE42DEA9-6694-43CF-8D55-F28AAFBACC41}.Debug|Any CPU.ActiveCfg = Debug|Any CPU
		{AE42DEA9-6694-43CF-8D55-F28AAFBACC41}.Debug|Any CPU.Build.0 = Debug|Any CPU
		{AE42DEA9-6694-43CF-8D55-F28AAFBACC41}.Release|Any CPU.ActiveCfg = Release|Any CPU
		{AE42DEA9-6694-43CF-8D55-F28AAFBACC41}.Release|Any CPU.Build.0 = Release|Any CPU
		{697131DB-1B1D-49F2-B516-3758649149EB}.Debug|Any CPU.ActiveCfg = Debug|Any CPU
		{697131DB-1B1D-49F2-B516-3758649149EB}.Debug|Any CPU.Build.0 = Debug|Any CPU
		{697131DB-1B1D-49F2-B516-3758649149EB}.Release|Any CPU.ActiveCfg = Release|Any CPU
		{697131DB-1B1D-49F2-B516-3758649149EB}.Release|Any CPU.Build.0 = Release|Any CPU
		{B839F48F-32BC-4990-B402-38FF116F8501}.Debug|Any CPU.ActiveCfg = Debug|Any CPU
		{B839F48F-32BC-4990-B402-38FF116F8501}.Debug|Any CPU.Build.0 = Debug|Any CPU
		{B839F48F-32BC-4990-B402-38FF116F8501}.Release|Any CPU.ActiveCfg = Release|Any CPU
		{B839F48F-32BC-4990-B402-38FF116F8501}.Release|Any CPU.Build.0 = Release|Any CPU
		{7C948028-67A4-4373-AD36-9EEDEE96F882}.Debug|Any CPU.ActiveCfg = Debug|Any CPU
		{7C948028-67A4-4373-AD36-9EEDEE96F882}.Debug|Any CPU.Build.0 = Debug|Any CPU
		{7C948028-67A4-4373-AD36-9EEDEE96F882}.Release|Any CPU.ActiveCfg = Release|Any CPU
		{7C948028-67A4-4373-AD36-9EEDEE96F882}.Release|Any CPU.Build.0 = Release|Any CPU
		{729EA931-204F-4AB4-BD18-5C5C79B556A4}.Debug|Any CPU.ActiveCfg = Debug|Any CPU
		{729EA931-204F-4AB4-BD18-5C5C79B556A4}.Debug|Any CPU.Build.0 = Debug|Any CPU
		{729EA931-204F-4AB4-BD18-5C5C79B556A4}.Release|Any CPU.ActiveCfg = Release|Any CPU
		{729EA931-204F-4AB4-BD18-5C5C79B556A4}.Release|Any CPU.Build.0 = Release|Any CPU
		{F8CACE7A-856B-4F27-B576-3ADC765D54FC}.Debug|Any CPU.ActiveCfg = Debug|Any CPU
		{F8CACE7A-856B-4F27-B576-3ADC765D54FC}.Debug|Any CPU.Build.0 = Debug|Any CPU
		{F8CACE7A-856B-4F27-B576-3ADC765D54FC}.Release|Any CPU.ActiveCfg = Release|Any CPU
		{F8CACE7A-856B-4F27-B576-3ADC765D54FC}.Release|Any CPU.Build.0 = Release|Any CPU
		{4B93EDDF-9F31-4693-93A6-BF5246CC2EF3}.Debug|Any CPU.ActiveCfg = Debug|Any CPU
		{4B93EDDF-9F31-4693-93A6-BF5246CC2EF3}.Debug|Any CPU.Build.0 = Debug|Any CPU
		{4B93EDDF-9F31-4693-93A6-BF5246CC2EF3}.Release|Any CPU.ActiveCfg = Release|Any CPU
		{4B93EDDF-9F31-4693-93A6-BF5246CC2EF3}.Release|Any CPU.Build.0 = Release|Any CPU
		{4B67B895-DF7E-40BB-A3EE-5650941E5491}.Debug|Any CPU.ActiveCfg = Debug|Any CPU
		{4B67B895-DF7E-40BB-A3EE-5650941E5491}.Debug|Any CPU.Build.0 = Debug|Any CPU
		{4B67B895-DF7E-40BB-A3EE-5650941E5491}.Release|Any CPU.ActiveCfg = Release|Any CPU
		{4B67B895-DF7E-40BB-A3EE-5650941E5491}.Release|Any CPU.Build.0 = Release|Any CPU
	EndGlobalSection
	GlobalSection(SolutionProperties) = preSolution
		HideSolutionNode = FALSE
	EndGlobalSection
	GlobalSection(NestedProjects) = preSolution
		{EBFE4B89-3D74-4EF3-A081-66E8EC4289AA} = {77BAE66A-1748-4795-ACE5-3F1CB184114E}
		{36E33968-806C-4E91-BA54-CEAE8C066E86} = {77BAE66A-1748-4795-ACE5-3F1CB184114E}
		{F2169DB3-0D7B-4DDF-8497-92511CB34FAD} = {77BAE66A-1748-4795-ACE5-3F1CB184114E}
		{F0349FE8-253B-4230-B8D3-26AACF71B32A} = {77BAE66A-1748-4795-ACE5-3F1CB184114E}
		{61D49D38-AA4E-4D6C-8AE3-CF824F48C89D} = {EBFE4B89-3D74-4EF3-A081-66E8EC4289AA}
		{C13F8D9A-F408-4156-A93E-2B909B7E3790} = {61D49D38-AA4E-4D6C-8AE3-CF824F48C89D}
		{ABED775E-366E-41E5-86AE-180DE2D6C7DD} = {61D49D38-AA4E-4D6C-8AE3-CF824F48C89D}
		{306B48B0-D4AA-444D-8501-BEA3A5BE7CF1} = {61D49D38-AA4E-4D6C-8AE3-CF824F48C89D}
		{69013FEF-2F41-4502-8097-745358F9137B} = {61D49D38-AA4E-4D6C-8AE3-CF824F48C89D}
		{0ACE2BE8-4CAE-49C3-A1DE-4A42E18326BA} = {C13F8D9A-F408-4156-A93E-2B909B7E3790}
		{4ED8D428-321B-44A7-8549-07981E76C726} = {ABED775E-366E-41E5-86AE-180DE2D6C7DD}
		{89B8D2CD-2DF0-4770-ADA7-E5184F422235} = {306B48B0-D4AA-444D-8501-BEA3A5BE7CF1}
		{DB9824E3-C74C-459E-B574-AEE7D8B98140} = {306B48B0-D4AA-444D-8501-BEA3A5BE7CF1}
		{4650D657-E0B8-4935-9FB2-1C536972DE25} = {69013FEF-2F41-4502-8097-745358F9137B}
		{609CC7A9-3149-4B02-BB39-7A776B3DEE75} = {36E33968-806C-4E91-BA54-CEAE8C066E86}
		{E7385CDD-163A-49AE-97A9-ABB0925FC60D} = {36E33968-806C-4E91-BA54-CEAE8C066E86}
		{8D2F11E5-D686-48B4-8E73-82D5E11206B8} = {36E33968-806C-4E91-BA54-CEAE8C066E86}
		{77313657-5C0A-479A-B490-FA11450C07C4} = {F2169DB3-0D7B-4DDF-8497-92511CB34FAD}
		{A4B3E736-52E5-4DD9-AB78-62CF33D2009A} = {609CC7A9-3149-4B02-BB39-7A776B3DEE75}
		{05CC69ED-CBC1-4A7E-8B1B-9574D26FAFF3} = {A4B3E736-52E5-4DD9-AB78-62CF33D2009A}
		{8825751F-82BF-4D45-A142-75A3755BC27C} = {609CC7A9-3149-4B02-BB39-7A776B3DEE75}
		{42F37A97-326D-40F7-A663-5E33D2058D38} = {8825751F-82BF-4D45-A142-75A3755BC27C}
		{EE25E74F-F3D7-47FB-B109-0FDB6C98F43B} = {609CC7A9-3149-4B02-BB39-7A776B3DEE75}
		{1A6EB698-CF0B-43F1-9D5E-1DE30A673179} = {EE25E74F-F3D7-47FB-B109-0FDB6C98F43B}
		{C51569B5-FD6A-4168-82F1-7D99678AF698} = {EE25E74F-F3D7-47FB-B109-0FDB6C98F43B}
		{D2835DB8-731C-454D-9572-8F7E97D5AFAD} = {609CC7A9-3149-4B02-BB39-7A776B3DEE75}
		{07B63D6E-191B-4D39-BF2B-2CABE79BB8EF} = {D2835DB8-731C-454D-9572-8F7E97D5AFAD}
		{56B6D38B-D28C-4D9E-8A89-200FE70308F8} = {609CC7A9-3149-4B02-BB39-7A776B3DEE75}
		{CB773694-9923-4E6D-B02B-76E9C377EDF3} = {56B6D38B-D28C-4D9E-8A89-200FE70308F8}
		{A5FD2D9A-195E-4A0A-AFC2-5376EAD2DE76} = {E7385CDD-163A-49AE-97A9-ABB0925FC60D}
		{87181326-6CD7-41D7-B4A4-6C29781444C1} = {A5FD2D9A-195E-4A0A-AFC2-5376EAD2DE76}
		{DFFEADFA-9ECB-4F41-A354-DBF66ADDA85F} = {E7385CDD-163A-49AE-97A9-ABB0925FC60D}
		{00962F97-9602-489B-B422-3126460244BA} = {DFFEADFA-9ECB-4F41-A354-DBF66ADDA85F}
		{65D176DE-0CCD-45BD-AC18-247BDE033360} = {E7385CDD-163A-49AE-97A9-ABB0925FC60D}
		{7B413BF6-264F-4FDE-98D6-ED6A6435DD2A} = {65D176DE-0CCD-45BD-AC18-247BDE033360}
		{C6CB256F-2DA6-4900-9C5B-3770A8D7B3EE} = {65D176DE-0CCD-45BD-AC18-247BDE033360}
		{AB93A616-E92C-439E-9FDF-64D838E8D036} = {E7385CDD-163A-49AE-97A9-ABB0925FC60D}
		{0E52E960-BC69-40B0-9225-1FD69706467F} = {AB93A616-E92C-439E-9FDF-64D838E8D036}
		{0BA4CB5E-0CE8-47E2-AF42-4A3A89F6FB14} = {E7385CDD-163A-49AE-97A9-ABB0925FC60D}
		{D7188E04-C8CF-4C91-A52B-7D1C73F81AFA} = {0BA4CB5E-0CE8-47E2-AF42-4A3A89F6FB14}
		{867D00B9-16AC-465C-8300-22B459CFA985} = {8D2F11E5-D686-48B4-8E73-82D5E11206B8}
		{AE42DEA9-6694-43CF-8D55-F28AAFBACC41} = {867D00B9-16AC-465C-8300-22B459CFA985}
		{5FBE7C6F-5FAF-44EE-8559-968CFC9C5816} = {8D2F11E5-D686-48B4-8E73-82D5E11206B8}
		{697131DB-1B1D-49F2-B516-3758649149EB} = {5FBE7C6F-5FAF-44EE-8559-968CFC9C5816}
		{311BFED9-99A7-48F1-8E63-4E1D3D74E378} = {8D2F11E5-D686-48B4-8E73-82D5E11206B8}
		{B839F48F-32BC-4990-B402-38FF116F8501} = {311BFED9-99A7-48F1-8E63-4E1D3D74E378}
		{7C948028-67A4-4373-AD36-9EEDEE96F882} = {311BFED9-99A7-48F1-8E63-4E1D3D74E378}
		{A661D76F-3916-4E75-87D7-D4056B97391A} = {8D2F11E5-D686-48B4-8E73-82D5E11206B8}
		{729EA931-204F-4AB4-BD18-5C5C79B556A4} = {A661D76F-3916-4E75-87D7-D4056B97391A}
		{E3365F01-9BB3-464C-9707-CCD77C6701CE} = {F0349FE8-253B-4230-B8D3-26AACF71B32A}
		{F8CACE7A-856B-4F27-B576-3ADC765D54FC} = {E3365F01-9BB3-464C-9707-CCD77C6701CE}
		{29047F97-DEC5-42DB-92DD-DD0C3A5D13A1} = {F0349FE8-253B-4230-B8D3-26AACF71B32A}
		{4B93EDDF-9F31-4693-93A6-BF5246CC2EF3} = {29047F97-DEC5-42DB-92DD-DD0C3A5D13A1}
		{4B67B895-DF7E-40BB-A3EE-5650941E5491} = {77313657-5C0A-479A-B490-FA11450C07C4}
	EndGlobalSection
	GlobalSection(ExtensibilityGlobals) = postSolution
		SolutionGuid = {4D65BFBC-AA66-4696-8CF7-73607689D03B}
	EndGlobalSection
EndGlobal
