
Microsoft Visual Studio Solution File, Format Version 12.00
# Visual Studio Version 17
VisualStudioVersion = 17.4.32804.182
MinimumVisualStudioVersion = 10.0.40219.1
Project("{2150E333-8FDC-42A3-9474-1A3956D46DE8}") = "src", "src", "{77BAE66A-1748-4795-ACE5-3F1CB184114E}"
EndProject
Project("{2150E333-8FDC-42A3-9474-1A3956D46DE8}") = "1 - Consumers", "1 - Consumers", "{EBFE4B89-3D74-4EF3-A081-66E8EC4289AA}"
EndProject
Project("{2150E333-8FDC-42A3-9474-1A3956D46DE8}") = "3 - Microservices", "3 - Microservices", "{36E33968-806C-4E91-BA54-CEAE8C066E86}"
EndProject
Project("{2150E333-8FDC-42A3-9474-1A3956D46DE8}") = "2 - Gateway", "2 - Gateway", "{F2169DB3-0D7B-4DDF-8497-92511CB34FAD}"
EndProject
Project("{2150E333-8FDC-42A3-9474-1A3956D46DE8}") = "4 - Shared", "4 - Shared", "{F0349FE8-253B-4230-B8D3-26AACF71B32A}"
EndProject
Project("{2150E333-8FDC-42A3-9474-1A3956D46DE8}") = "1.1 - Desktop", "1.1 - Desktop", "{61D49D38-AA4E-4D6C-8AE3-CF824F48C89D}"
EndProject
Project("{2150E333-8FDC-42A3-9474-1A3956D46DE8}") = "1.1.1 - Presentation", "1.1.1 - Presentation", "{C13F8D9A-F408-4156-A93E-2B909B7E3790}"
EndProject
Project("{2150E333-8FDC-42A3-9474-1A3956D46DE8}") = "1.1.2 - Application", "1.1.2 - Application", "{ABED775E-366E-41E5-86AE-180DE2D6C7DD}"
EndProject
Project("{2150E333-8FDC-42A3-9474-1A3956D46DE8}") = "1.1.3 - Domain", "1.1.3 - Domain", "{306B48B0-D4AA-444D-8501-BEA3A5BE7CF1}"
EndProject
Project("{2150E333-8FDC-42A3-9474-1A3956D46DE8}") = "1.1.4 - Infra", "1.1.4 - Infra", "{69013FEF-2F41-4502-8097-745358F9137B}"
EndProject
Project("{FAE04EC0-301F-11D3-BF4B-00C04F79EFBC}") = "JwtExample.Consumers.Desktop.Presentation", "JwtExample.Consumers.Desktop.Presentation\JwtExample.Consumers.Desktop.Presentation.csproj", "{0ACE2BE8-4CAE-49C3-A1DE-4A42E18326BA}"
EndProject
Global
	GlobalSection(SolutionConfigurationPlatforms) = preSolution
		Debug|Any CPU = Debug|Any CPU
		Release|Any CPU = Release|Any CPU
	EndGlobalSection
	GlobalSection(ProjectConfigurationPlatforms) = postSolution
		{0ACE2BE8-4CAE-49C3-A1DE-4A42E18326BA}.Debug|Any CPU.ActiveCfg = Debug|Any CPU
		{0ACE2BE8-4CAE-49C3-A1DE-4A42E18326BA}.Debug|Any CPU.Build.0 = Debug|Any CPU
		{0ACE2BE8-4CAE-49C3-A1DE-4A42E18326BA}.Release|Any CPU.ActiveCfg = Release|Any CPU
		{0ACE2BE8-4CAE-49C3-A1DE-4A42E18326BA}.Release|Any CPU.Build.0 = Release|Any CPU
	EndGlobalSection
	GlobalSection(SolutionProperties) = preSolution
		HideSolutionNode = FALSE
	EndGlobalSection
	GlobalSection(NestedProjects) = preSolution
		{EBFE4B89-3D74-4EF3-A081-66E8EC4289AA} = {77BAE66A-1748-4795-ACE5-3F1CB184114E}
		{36E33968-806C-4E91-BA54-CEAE8C066E86} = {77BAE66A-1748-4795-ACE5-3F1CB184114E}
		{F2169DB3-0D7B-4DDF-8497-92511CB34FAD} = {77BAE66A-1748-4795-ACE5-3F1CB184114E}
		{F0349FE8-253B-4230-B8D3-26AACF71B32A} = {77BAE66A-1748-4795-ACE5-3F1CB184114E}
		{61D49D38-AA4E-4D6C-8AE3-CF824F48C89D} = {EBFE4B89-3D74-4EF3-A081-66E8EC4289AA}
		{C13F8D9A-F408-4156-A93E-2B909B7E3790} = {61D49D38-AA4E-4D6C-8AE3-CF824F48C89D}
		{ABED775E-366E-41E5-86AE-180DE2D6C7DD} = {61D49D38-AA4E-4D6C-8AE3-CF824F48C89D}
		{306B48B0-D4AA-444D-8501-BEA3A5BE7CF1} = {61D49D38-AA4E-4D6C-8AE3-CF824F48C89D}
		{69013FEF-2F41-4502-8097-745358F9137B} = {61D49D38-AA4E-4D6C-8AE3-CF824F48C89D}
		{0ACE2BE8-4CAE-49C3-A1DE-4A42E18326BA} = {C13F8D9A-F408-4156-A93E-2B909B7E3790}
	EndGlobalSection
	GlobalSection(ExtensibilityGlobals) = postSolution
		SolutionGuid = {4D65BFBC-AA66-4696-8CF7-73607689D03B}
	EndGlobalSection
EndGlobal
